{
  "name": "地平线数据收集",
  "lockfileVersion": 3,
  "requires": true,
  "packages": {
    "": {
      "dependencies": {
        "zsxq-cli": "^0.4.7"
      }
    },
    "node_modules/@zsxq/cli-darwin-arm64": {
      "version": "0.4.7",
      "resolved": "https://registry.npmjs.org/@zsxq/cli-darwin-arm64/-/cli-darwin-arm64-0.4.7.tgz",
      "integrity": "sha512-TsCGzmfo44K3C847GjVpLPhv1UQIiJsjcratas+XT5XFa2kP2fNWr/V/aPjaSy+kK8xuVArTVPkrl34G4tT+Vg==",
      "cpu": [
        "arm64"
      ],
      "license": "Apache-2.0",
      "optional": true,
      "os": [
        "darwin"
      ],
      "bin": {
        "zsxq-cli": "bin/zsxq-cli"
      }
    },
    "node_modules/@zsxq/cli-darwin-x64": {
      "version": "0.4.7",
      "resolved": "https://registry.npmjs.org/@zsxq/cli-darwin-x64/-/cli-darwin-x64-0.4.7.tgz",
      "integrity": "sha512-5EfIf4X8SBbxGUkcURbYkLJSb56/XUgUHjY0iS/PJW72lZQM44mAoNqIiwvTbk49ub1HghPLxQrCWV+23TLiKg==",
      "cpu": [
        "x64"
      ],
      "license": "Apache-2.0",
      "optional": true,
      "os": [
        "darwin"
      ],
      "bin": {
        "zsxq-cli": "bin/zsxq-cli"
      }
    },
    "node_modules/@zsxq/cli-linux-arm64": {
      "version": "0.4.7",
      "resolved": "https://registry.npmjs.org/@zsxq/cli-linux-arm64/-/cli-linux-arm64-0.4.7.tgz",
      "integrity": "sha512-WACmdOQ2c3mUOEuzKURMcN8MnEJvFKBeOODHpYMc36sEv/Pup7KrKs3Degu9Vt6NbIAHK4+0KIY7DsFmvsgNkQ==",
      "cpu": [
        "arm64"
      ],
      "license": "Apache-2.0",
      "optional": true,
      "os": [
        "linux"
      ],
      "bin": {
        "zsxq-cli": "bin/zsxq-cli"
      }
    },
    "node_modules/@zsxq/cli-linux-x64": {
      "version": "0.4.7",
      "resolved": "https://registry.npmjs.org/@zsxq/cli-linux-x64/-/cli-linux-x64-0.4.7.tgz",
      "integrity": "sha512-m+ySdGHjpxBdj7tvc/kebEai7KhIxc/QvyZIcupM+2W9E71m8xihLHQJLI3SEquucylDssNktWVY43llicHhkA==",
      "cpu": [
        "x64"
      ],
      "license": "Apache-2.0",
      "optional": true,
      "os": [
        "linux"
      ],
      "bin": {
        "zsxq-cli": "bin/zsxq-cli"
      }
    },
    "node_modules/@zsxq/cli-win32-arm64": {
      "version": "0.4.7",
      "resolved": "https://registry.npmjs.org/@zsxq/cli-win32-arm64/-/cli-win32-arm64-0.4.7.tgz",
      "integrity": "sha512-UPlA0K3VRXDZHFq4unqNMY8f5E3rX6aV2f+WaJGzyAbu2UAqYsbR7z/pozbCbfreJznFL6VvM7GUFW30qe+o2w==",
      "cpu": [
        "arm64"
      ],
      "license": "Apache-2.0",
      "optional": true,
      "os": [
        "win32"
      ],
      "bin": {
        "zsxq-cli": "bin/zsxq-cli.exe"
      }
    },
    "node_modules/@zsxq/cli-win32-x64": {
      "version": "0.4.7",
      "resolved": "https://registry.npmjs.org/@zsxq/cli-win32-x64/-/cli-win32-x64-0.4.7.tgz",
      "integrity": "sha512-xJWhRmOx9QionRy46s8P0pWpW3+zGlVjPCY2cQ3lsztAJF2MQzBshllNaxgXvg28iR+vpVirgOS4NnC6FbRmRQ==",
      "cpu": [
        "x64"
      ],
      "license": "Apache-2.0",
      "optional": true,
      "os": [
        "win32"
      ],
      "bin": {
        "zsxq-cli": "bin/zsxq-cli.exe"
      }
    },
    "node_modules/zsxq-cli": {
      "version": "0.4.7",
      "resolved": "https://registry.npmjs.org/zsxq-cli/-/zsxq-cli-0.4.7.tgz",
      "integrity": "sha512-US/V5f2chj8STUmqDeVlTPcnV4+WcNYutq19/JhmYuDQAkTfNjrq82qqfMR4esSjaRvBh7dFOWnk4khgYMtpTg==",
      "cpu": [
        "x64",
        "arm64"
      ],
      "license": "Apache-2.0",
      "os": [
        "darwin",
        "linux",
        "win32"
      ],
      "bin": {
        "zsxq-cli": "npm/scripts/zsxq-cli.js"
      },
      "engines": {
        "node": ">=16"
      },
      "optionalDependencies": {
        "@zsxq/cli-darwin-arm64": "0.4.7",
        "@zsxq/cli-darwin-x64": "0.4.7",
        "@zsxq/cli-linux-arm64": "0.4.7",
        "@zsxq/cli-linux-x64": "0.4.7",
        "@zsxq/cli-win32-arm64": "0.4.7",
        "@zsxq/cli-win32-x64": "0.4.7"
      }
    }
  }
}
